
Microsoft Visual Studio Solution File, Format Version 12.00
# Visual Studio 2013
VisualStudioVersion = 12.0.31101.0
MinimumVisualStudioVersion = 10.0.40219.1
Project("{FAE04EC0-301F-11D3-BF4B-00C04F79EFBC}") = "CrmFluentExtensions", "CrmFluentExtensions\CrmFluentExtensions.csproj", "{CAE27B7A-03CF-49F9-ABB2-F6ECAB4765C2}"
EndProject
Project("{FAE04EC0-301F-11D3-BF4B-00C04F79EFBC}") = "CrmFluentExtensions.UnitTest", "CrmFluentExtensions.UnitTest\CrmFluentExtensions.UnitTest.csproj", "{9C880DEF-242B-41C9-A20A-34795FAF3B3C}"
EndProject
Project("{FAE04EC0-301F-11D3-BF4B-00C04F79EFBC}") = "CrmFluentExtensions.Examples", "CrmFluentExtensions.Examples\CrmFluentExtensions.Examples.csproj", "{656B123A-F559-4FA8-AEAF-BC52354028DE}"
EndProject
Project("{FAE04EC0-301F-11D3-BF4B-00C04F79EFBC}") = "CrmFluentExtensions.2015", "CrmFluentExtensions.2015\CrmFluentExtensions.2015.csproj", "{DBAAB01D-EEC2-41DE-8E8A-445A616206E6}"
EndProject
Project("{2150E333-8FDC-42A3-9474-1A3956D46DE8}") = "Packaging", "Packaging", "{48C7B1E8-5083-4AA9-B52D-EC8B07FD10FE}"
	ProjectSection(SolutionItems) = preProject
		CrmFluentExtensions.nuspec = CrmFluentExtensions.nuspec
	EndProjectSection
EndProject
Global
	GlobalSection(SolutionConfigurationPlatforms) = preSolution
		Debug|Any CPU = Debug|Any CPU
		Release|Any CPU = Release|Any CPU
	EndGlobalSection
	GlobalSection(ProjectConfigurationPlatforms) = postSolution
		{CAE27B7A-03CF-49F9-ABB2-F6ECAB4765C2}.Debug|Any CPU.ActiveCfg = Debug|Any CPU
		{CAE27B7A-03CF-49F9-ABB2-F6ECAB4765C2}.Debug|Any CPU.Build.0 = Debug|Any CPU
		{CAE27B7A-03CF-49F9-ABB2-F6ECAB4765C2}.Release|Any CPU.ActiveCfg = Release|Any CPU
		{CAE27B7A-03CF-49F9-ABB2-F6ECAB4765C2}.Release|Any CPU.Build.0 = Release|Any CPU
		{9C880DEF-242B-41C9-A20A-34795FAF3B3C}.Debug|Any CPU.ActiveCfg = Debug|Any CPU
		{9C880DEF-242B-41C9-A20A-34795FAF3B3C}.Debug|Any CPU.Build.0 = Debug|Any CPU
		{9C880DEF-242B-41C9-A20A-34795FAF3B3C}.Release|Any CPU.ActiveCfg = Release|Any CPU
		{9C880DEF-242B-41C9-A20A-34795FAF3B3C}.Release|Any CPU.Build.0 = Release|Any CPU
		{656B123A-F559-4FA8-AEAF-BC52354028DE}.Debug|Any CPU.ActiveCfg = Debug|Any CPU
		{656B123A-F559-4FA8-AEAF-BC52354028DE}.Debug|Any CPU.Build.0 = Debug|Any CPU
		{656B123A-F559-4FA8-AEAF-BC52354028DE}.Release|Any CPU.ActiveCfg = Release|Any CPU
		{656B123A-F559-4FA8-AEAF-BC52354028DE}.Release|Any CPU.Build.0 = Release|Any CPU
		{DBAAB01D-EEC2-41DE-8E8A-445A616206E6}.Debug|Any CPU.ActiveCfg = Debug|Any CPU
		{DBAAB01D-EEC2-41DE-8E8A-445A616206E6}.Debug|Any CPU.Build.0 = Debug|Any CPU
		{DBAAB01D-EEC2-41DE-8E8A-445A616206E6}.Release|Any CPU.ActiveCfg = Release|Any CPU
		{DBAAB01D-EEC2-41DE-8E8A-445A616206E6}.Release|Any CPU.Build.0 = Release|Any CPU
	EndGlobalSection
	GlobalSection(SolutionProperties) = preSolution
		HideSolutionNode = FALSE
	EndGlobalSection
EndGlobal
